// !$*UTF8*$!
{
	archiveVersion = 1;
	classes = {
	};
	objectVersion = 55;
	objects = {

/* Begin PBXBuildFile section */
		7019F424276C972A001B57A4 /* Model.swift in Sources */ = {isa = PBXBuildFile; fileRef = 7019F423276C972A001B57A4 /* Model.swift */; };
		7019F426276CA67D001B57A4 /* GlobalHelpers.swift in Sources */ = {isa = PBXBuildFile; fileRef = 7019F425276CA67D001B57A4 /* GlobalHelpers.swift */; };
		70491FE92779BD7A00322D39 /* AddTagScreen.swift in Sources */ = {isa = PBXBuildFile; fileRef = 70491FE82779BD7A00322D39 /* AddTagScreen.swift */; };
		70491FEC2779C53300322D39 /* TagView.swift in Sources */ = {isa = PBXBuildFile; fileRef = 70491FEB2779C53300322D39 /* TagView.swift */; };
		70491FEE2779C54000322D39 /* Tag.swift in Sources */ = {isa = PBXBuildFile; fileRef = 70491FED2779C54000322D39 /* Tag.swift */; };
		70849F10276A614D0092F58F /* NeramApp.swift in Sources */ = {isa = PBXBuildFile; fileRef = 70849F0F276A614D0092F58F /* NeramApp.swift */; };
		70849F12276A614D0092F58F /* ContentView.swift in Sources */ = {isa = PBXBuildFile; fileRef = 70849F11276A614D0092F58F /* ContentView.swift */; };
		70849F14276A61520092F58F /* Assets.xcassets in Resources */ = {isa = PBXBuildFile; fileRef = 70849F13276A61520092F58F /* Assets.xcassets */; };
		70849F17276A61520092F58F /* Preview Assets.xcassets in Resources */ = {isa = PBXBuildFile; fileRef = 70849F16276A61520092F58F /* Preview Assets.xcassets */; };
		7099C23C2771AFCF00DEF5A8 /* AddCategoryViewModel.swift in Sources */ = {isa = PBXBuildFile; fileRef = 7099C23B2771AFCF00DEF5A8 /* AddCategoryViewModel.swift */; };
		7099C23E2771B0E700DEF5A8 /* ListTest.swift in Sources */ = {isa = PBXBuildFile; fileRef = 7099C23D2771B0E700DEF5A8 /* ListTest.swift */; };
		7099C2412771FF5200DEF5A8 /* AddCategoryScreen.swift in Sources */ = {isa = PBXBuildFile; fileRef = 7099C2402771FF5200DEF5A8 /* AddCategoryScreen.swift */; };
		7099C243277210AE00DEF5A8 /* AddActivityScreen.swift in Sources */ = {isa = PBXBuildFile; fileRef = 7099C242277210AE00DEF5A8 /* AddActivityScreen.swift */; };
		70A3AC27276A61FD00E78086 /* NeramModel.xcdatamodeld in Sources */ = {isa = PBXBuildFile; fileRef = 70A3AC25276A61FD00E78086 /* NeramModel.xcdatamodeld */; };
		70A3AC2A276A62A700E78086 /* CoreDataProvider.swift in Sources */ = {isa = PBXBuildFile; fileRef = 70A3AC29276A62A700E78086 /* CoreDataProvider.swift */; };
/* End PBXBuildFile section */

/* Begin PBXFileReference section */
		7019F423276C972A001B57A4 /* Model.swift */ = {isa = PBXFileReference; lastKnownFileType = sourcecode.swift; path = Model.swift; sourceTree = "<group>"; };
		7019F425276CA67D001B57A4 /* GlobalHelpers.swift */ = {isa = PBXFileReference; lastKnownFileType = sourcecode.swift; path = GlobalHelpers.swift; sourceTree = "<group>"; };
		70491FE82779BD7A00322D39 /* AddTagScreen.swift */ = {isa = PBXFileReference; lastKnownFileType = sourcecode.swift; path = AddTagScreen.swift; sourceTree = "<group>"; };
		70491FEB2779C53300322D39 /* TagView.swift */ = {isa = PBXFileReference; lastKnownFileType = sourcecode.swift; path = TagView.swift; sourceTree = "<group>"; };
		70491FED2779C54000322D39 /* Tag.swift */ = {isa = PBXFileReference; lastKnownFileType = sourcecode.swift; path = Tag.swift; sourceTree = "<group>"; };
		70849F0C276A614D0092F58F /* Neram.app */ = {isa = PBXFileReference; explicitFileType = wrapper.application; includeInIndex = 0; path = Neram.app; sourceTree = BUILT_PRODUCTS_DIR; };
		70849F0F276A614D0092F58F /* NeramApp.swift */ = {isa = PBXFileReference; lastKnownFileType = sourcecode.swift; path = NeramApp.swift; sourceTree = "<group>"; };
		70849F11276A614D0092F58F /* ContentView.swift */ = {isa = PBXFileReference; lastKnownFileType = sourcecode.swift; path = ContentView.swift; sourceTree = "<group>"; };
		70849F13276A61520092F58F /* Assets.xcassets */ = {isa = PBXFileReference; lastKnownFileType = folder.assetcatalog; path = Assets.xcassets; sourceTree = "<group>"; };
		70849F16276A61520092F58F /* Preview Assets.xcassets */ = {isa = PBXFileReference; lastKnownFileType = folder.assetcatalog; path = "Preview Assets.xcassets"; sourceTree = "<group>"; };
		7099C23B2771AFCF00DEF5A8 /* AddCategoryViewModel.swift */ = {isa = PBXFileReference; lastKnownFileType = sourcecode.swift; path = AddCategoryViewModel.swift; sourceTree = "<group>"; };
		7099C23D2771B0E700DEF5A8 /* ListTest.swift */ = {isa = PBXFileReference; lastKnownFileType = sourcecode.swift; path = ListTest.swift; sourceTree = "<group>"; };
		7099C2402771FF5200DEF5A8 /* AddCategoryScreen.swift */ = {isa = PBXFileReference; lastKnownFileType = sourcecode.swift; path = AddCategoryScreen.swift; sourceTree = "<group>"; };
		7099C242277210AE00DEF5A8 /* AddActivityScreen.swift */ = {isa = PBXFileReference; lastKnownFileType = sourcecode.swift; path = AddActivityScreen.swift; sourceTree = "<group>"; };
		70A3AC26276A61FD00E78086 /* NeramModel.xcdatamodel */ = {isa = PBXFileReference; lastKnownFileType = wrapper.xcdatamodel; path = NeramModel.xcdatamodel; sourceTree = "<group>"; };
		70A3AC29276A62A700E78086 /* CoreDataProvider.swift */ = {isa = PBXFileReference; lastKnownFileType = sourcecode.swift; path = CoreDataProvider.swift; sourceTree = "<group>"; };
/* End PBXFileReference section */

/* Begin PBXFrameworksBuildPhase section */
		70849F09276A614D0092F58F /* Frameworks */ = {
			isa = PBXFrameworksBuildPhase;
			buildActionMask = 2147483647;
			files = (
			);
			runOnlyForDeploymentPostprocessing = 0;
		};
/* End PBXFrameworksBuildPhase section */

/* Begin PBXGroup section */
		70491FEA2779C51D00322D39 /* Views */ = {
			isa = PBXGroup;
			children = (
				70491FEB2779C53300322D39 /* TagView.swift */,
				70491FED2779C54000322D39 /* Tag.swift */,
			);
			path = Views;
			sourceTree = "<group>";
		};
		70849F03276A614D0092F58F = {
			isa = PBXGroup;
			children = (
				70849F0E276A614D0092F58F /* Neram */,
				70849F0D276A614D0092F58F /* Products */,
			);
			sourceTree = "<group>";
		};
		70849F0D276A614D0092F58F /* Products */ = {
			isa = PBXGroup;
			children = (
				70849F0C276A614D0092F58F /* Neram.app */,
			);
			name = Products;
			sourceTree = "<group>";
		};
		70849F0E276A614D0092F58F /* Neram */ = {
			isa = PBXGroup;
			children = (
				70491FEA2779C51D00322D39 /* Views */,
				7099C23F2771FF2E00DEF5A8 /* Screens */,
				7099C23A2771AADD00DEF5A8 /* View Models */,
				70A3AC28276A628100E78086 /* Providers */,
				70849F0F276A614D0092F58F /* NeramApp.swift */,
				70849F11276A614D0092F58F /* ContentView.swift */,
				70849F13276A61520092F58F /* Assets.xcassets */,
				70849F15276A61520092F58F /* Preview Content */,
				70A3AC25276A61FD00E78086 /* NeramModel.xcdatamodeld */,
				7019F423276C972A001B57A4 /* Model.swift */,
				7019F425276CA67D001B57A4 /* GlobalHelpers.swift */,
				7099C23D2771B0E700DEF5A8 /* ListTest.swift */,
			);
			path = Neram;
			sourceTree = "<group>";
		};
		70849F15276A61520092F58F /* Preview Content */ = {
			isa = PBXGroup;
			children = (
				70849F16276A61520092F58F /* Preview Assets.xcassets */,
			);
			path = "Preview Content";
			sourceTree = "<group>";
		};
		7099C23A2771AADD00DEF5A8 /* View Models */ = {
			isa = PBXGroup;
			children = (
				7099C23B2771AFCF00DEF5A8 /* AddCategoryViewModel.swift */,
			);
			path = "View Models";
			sourceTree = "<group>";
		};
		7099C23F2771FF2E00DEF5A8 /* Screens */ = {
			isa = PBXGroup;
			children = (
				7099C2402771FF5200DEF5A8 /* AddCategoryScreen.swift */,
				7099C242277210AE00DEF5A8 /* AddActivityScreen.swift */,
				70491FE82779BD7A00322D39 /* AddTagScreen.swift */,
			);
			path = Screens;
			sourceTree = "<group>";
		};
		70A3AC28276A628100E78086 /* Providers */ = {
			isa = PBXGroup;
			children = (
				70A3AC29276A62A700E78086 /* CoreDataProvider.swift */,
			);
			path = Providers;
			sourceTree = "<group>";
		};
/* End PBXGroup section */

/* Begin PBXNativeTarget section */
		70849F0B276A614D0092F58F /* Neram */ = {
			isa = PBXNativeTarget;
			buildConfigurationList = 70849F1A276A61520092F58F /* Build configuration list for PBXNativeTarget "Neram" */;
			buildPhases = (
				70849F08276A614D0092F58F /* Sources */,
				70849F09276A614D0092F58F /* Frameworks */,
				70849F0A276A614D0092F58F /* Resources */,
			);
			buildRules = (
			);
			dependencies = (
			);
			name = Neram;
			productName = Neram;
			productReference = 70849F0C276A614D0092F58F /* Neram.app */;
			productType = "com.apple.product-type.application";
		};
/* End PBXNativeTarget section */

/* Begin PBXProject section */
		70849F04276A614D0092F58F /* Project object */ = {
			isa = PBXProject;
			attributes = {
				BuildIndependentTargetsInParallel = 1;
				LastSwiftUpdateCheck = 1310;
				LastUpgradeCheck = 1310;
				TargetAttributes = {
					70849F0B276A614D0092F58F = {
						CreatedOnToolsVersion = 13.1;
					};
				};
			};
			buildConfigurationList = 70849F07276A614D0092F58F /* Build configuration list for PBXProject "Neram" */;
			compatibilityVersion = "Xcode 13.0";
			developmentRegion = en;
			hasScannedForEncodings = 0;
			knownRegions = (
				en,
				Base,
			);
			mainGroup = 70849F03276A614D0092F58F;
			productRefGroup = 70849F0D276A614D0092F58F /* Products */;
			projectDirPath = "";
			projectRoot = "";
			targets = (
				70849F0B276A614D0092F58F /* Neram */,
			);
		};
/* End PBXProject section */

/* Begin PBXResourcesBuildPhase section */
		70849F0A276A614D0092F58F /* Resources */ = {
			isa = PBXResourcesBuildPhase;
			buildActionMask = 2147483647;
			files = (
				70849F17276A61520092F58F /* Preview Assets.xcassets in Resources */,
				70849F14276A61520092F58F /* Assets.xcassets in Resources */,
			);
			runOnlyForDeploymentPostprocessing = 0;
		};
/* End PBXResourcesBuildPhase section */

/* Begin PBXSourcesBuildPhase section */
		70849F08276A614D0092F58F /* Sources */ = {
			isa = PBXSourcesBuildPhase;
			buildActionMask = 2147483647;
			files = (
				70491FE92779BD7A00322D39 /* AddTagScreen.swift in Sources */,
				7019F426276CA67D001B57A4 /* GlobalHelpers.swift in Sources */,
				7099C23C2771AFCF00DEF5A8 /* AddCategoryViewModel.swift in Sources */,
				7019F424276C972A001B57A4 /* Model.swift in Sources */,
				70849F12276A614D0092F58F /* ContentView.swift in Sources */,
				7099C243277210AE00DEF5A8 /* AddActivityScreen.swift in Sources */,
				70A3AC27276A61FD00E78086 /* NeramModel.xcdatamodeld in Sources */,
				7099C23E2771B0E700DEF5A8 /* ListTest.swift in Sources */,
				7099C2412771FF5200DEF5A8 /* AddCategoryScreen.swift in Sources */,
				70849F10276A614D0092F58F /* NeramApp.swift in Sources */,
				70A3AC2A276A62A700E78086 /* CoreDataProvider.swift in Sources */,
				70491FEC2779C53300322D39 /* TagView.swift in Sources */,
				70491FEE2779C54000322D39 /* Tag.swift in Sources */,
			);
			runOnlyForDeploymentPostprocessing = 0;
		};
/* End PBXSourcesBuildPhase section */

/* Begin XCBuildConfiguration section */
		70849F18276A61520092F58F /* Debug */ = {
			isa = XCBuildConfiguration;
			buildSettings = {
				ALWAYS_SEARCH_USER_PATHS = NO;
				CLANG_ANALYZER_NONNULL = YES;
				CLANG_ANALYZER_NUMBER_OBJECT_CONVERSION = YES_AGGRESSIVE;
				CLANG_CXX_LANGUAGE_STANDARD = "gnu++17";
				CLANG_CXX_LIBRARY = "libc++";
				CLANG_ENABLE_MODULES = YES;
				CLANG_ENABLE_OBJC_ARC = YES;
				CLANG_ENABLE_OBJC_WEAK = YES;
				CLANG_WARN_BLOCK_CAPTURE_AUTORELEASING = YES;
				CLANG_WARN_BOOL_CONVERSION = YES;
				CLANG_WARN_COMMA = YES;
				CLANG_WARN_CONSTANT_CONVERSION = YES;
				CLANG_WARN_DEPRECATED_OBJC_IMPLEMENTATIONS = YES;
				CLANG_WARN_DIRECT_OBJC_ISA_USAGE = YES_ERROR;
				CLANG_WARN_DOCUMENTATION_COMMENTS = YES;
				CLANG_WARN_EMPTY_BODY = YES;
				CLANG_WARN_ENUM_CONVERSION = YES;
				CLANG_WARN_INFINITE_RECURSION = YES;
				CLANG_WARN_INT_CONVERSION = YES;
				CLANG_WARN_NON_LITERAL_NULL_CONVERSION = YES;
				CLANG_WARN_OBJC_IMPLICIT_RETAIN_SELF = YES;
				CLANG_WARN_OBJC_LITERAL_CONVERSION = YES;
				CLANG_WARN_OBJC_ROOT_CLASS = YES_ERROR;
				CLANG_WARN_QUOTED_INCLUDE_IN_FRAMEWORK_HEADER = YES;
				CLANG_WARN_RANGE_LOOP_ANALYSIS = YES;
				CLANG_WARN_STRICT_PROTOTYPES = YES;
				CLANG_WARN_SUSPICIOUS_MOVE = YES;
				CLANG_WARN_UNGUARDED_AVAILABILITY = YES_AGGRESSIVE;
				CLANG_WARN_UNREACHABLE_CODE = YES;
				CLANG_WARN__DUPLICATE_METHOD_MATCH = YES;
				COPY_PHASE_STRIP = NO;
				DEBUG_INFORMATION_FORMAT = dwarf;
				ENABLE_STRICT_OBJC_MSGSEND = YES;
				ENABLE_TESTABILITY = YES;
				GCC_C_LANGUAGE_STANDARD = gnu11;
				GCC_DYNAMIC_NO_PIC = NO;
				GCC_NO_COMMON_BLOCKS = YES;
				GCC_OPTIMIZATION_LEVEL = 0;
				GCC_PREPROCESSOR_DEFINITIONS = (
					"DEBUG=1",
					"$(inherited)",
				);
				GCC_WARN_64_TO_32_BIT_CONVERSION = YES;
				GCC_WARN_ABOUT_RETURN_TYPE = YES_ERROR;
				GCC_WARN_UNDECLARED_SELECTOR = YES;
				GCC_WARN_UNINITIALIZED_AUTOS = YES_AGGRESSIVE;
				GCC_WARN_UNUSED_FUNCTION = YES;
				GCC_WARN_UNUSED_VARIABLE = YES;
				IPHONEOS_DEPLOYMENT_TARGET = 15.0;
				MTL_ENABLE_DEBUG_INFO = INCLUDE_SOURCE;
				MTL_FAST_MATH = YES;
				ONLY_ACTIVE_ARCH = YES;
				SDKROOT = iphoneos;
				SWIFT_ACTIVE_COMPILATION_CONDITIONS = DEBUG;
				SWIFT_OPTIMIZATION_LEVEL = "-Onone";
			};
			name = Debug;
		};
		70849F19276A61520092F58F /* Release */ = {
			isa = XCBuildConfiguration;
			buildSettings = {
				ALWAYS_SEARCH_USER_PATHS = NO;
				CLANG_ANALYZER_NONNULL = YES;
				CLANG_ANALYZER_NUMBER_OBJECT_CONVERSION = YES_AGGRESSIVE;
				CLANG_CXX_LANGUAGE_STANDARD = "gnu++17";
				CLANG_CXX_LIBRARY = "libc++";
				CLANG_ENABLE_MODULES = YES;
				CLANG_ENABLE_OBJC_ARC = YES;
				CLANG_ENABLE_OBJC_WEAK = YES;
				CLANG_WARN_BLOCK_CAPTURE_AUTORELEASING = YES;
				CLANG_WARN_BOOL_CONVERSION = YES;
				CLANG_WARN_COMMA = YES;
				CLANG_WARN_CONSTANT_CONVERSION = YES;
				CLANG_WARN_DEPRECATED_OBJC_IMPLEMENTATIONS = YES;
				CLANG_WARN_DIRECT_OBJC_ISA_USAGE = YES_ERROR;
				CLANG_WARN_DOCUMENTATION_COMMENTS = YES;
				CLANG_WARN_EMPTY_BODY = YES;
				CLANG_WARN_ENUM_CONVERSION = YES;
				CLANG_WARN_INFINITE_RECURSION = YES;
				CLANG_WARN_INT_CONVERSION = YES;
				CLANG_WARN_NON_LITERAL_NULL_CONVERSION = YES;
				CLANG_WARN_OBJC_IMPLICIT_RETAIN_SELF = YES;
				CLANG_WARN_OBJC_LITERAL_CONVERSION = YES;
				CLANG_WARN_OBJC_ROOT_CLASS = YES_ERROR;
				CLANG_WARN_QUOTED_INCLUDE_IN_FRAMEWORK_HEADER = YES;
				CLANG_WARN_RANGE_LOOP_ANALYSIS = YES;
				CLANG_WARN_STRICT_PROTOTYPES = YES;
				CLANG_WARN_SUSPICIOUS_MOVE = YES;
				CLANG_WARN_UNGUARDED_AVAILABILITY = YES_AGGRESSIVE;
				CLANG_WARN_UNREACHABLE_CODE = YES;
				CLANG_WARN__DUPLICATE_METHOD_MATCH = YES;
				COPY_PHASE_STRIP = NO;
				DEBUG_INFORMATION_FORMAT = "dwarf-with-dsym";
				ENABLE_NS_ASSERTIONS = NO;
				ENABLE_STRICT_OBJC_MSGSEND = YES;
				GCC_C_LANGUAGE_STANDARD = gnu11;
				GCC_NO_COMMON_BLOCKS = YES;
				GCC_WARN_64_TO_32_BIT_CONVERSION = YES;
				GCC_WARN_ABOUT_RETURN_TYPE = YES_ERROR;
				GCC_WARN_UNDECLARED_SELECTOR = YES;
				GCC_WARN_UNINITIALIZED_AUTOS = YES_AGGRESSIVE;
				GCC_WARN_UNUSED_FUNCTION = YES;
				GCC_WARN_UNUSED_VARIABLE = YES;
				IPHONEOS_DEPLOYMENT_TARGET = 15.0;
				MTL_ENABLE_DEBUG_INFO = NO;
				MTL_FAST_MATH = YES;
				SDKROOT = iphoneos;
				SWIFT_COMPILATION_MODE = wholemodule;
				SWIFT_OPTIMIZATION_LEVEL = "-O";
				VALIDATE_PRODUCT = YES;
			};
			name = Release;
		};
		70849F1B276A61520092F58F /* Debug */ = {
			isa = XCBuildConfiguration;
			buildSettings = {
				ASSETCATALOG_COMPILER_APPICON_NAME = AppIcon;
				ASSETCATALOG_COMPILER_GLOBAL_ACCENT_COLOR_NAME = AccentColor;
				CODE_SIGN_STYLE = Automatic;
				CURRENT_PROJECT_VERSION = 1;
				DEVELOPMENT_ASSET_PATHS = "\"Neram/Preview Content\"";
				DEVELOPMENT_TEAM = G6KL98HCPY;
				ENABLE_PREVIEWS = YES;
				GENERATE_INFOPLIST_FILE = YES;
				INFOPLIST_KEY_UIApplicationSceneManifest_Generation = YES;
				INFOPLIST_KEY_UIApplicationSupportsIndirectInputEvents = YES;
				INFOPLIST_KEY_UILaunchScreen_Generation = YES;
				INFOPLIST_KEY_UISupportedInterfaceOrientations_iPad = "UIInterfaceOrientationPortrait UIInterfaceOrientationPortraitUpsideDown UIInterfaceOrientationLandscapeLeft UIInterfaceOrientationLandscapeRight";
				INFOPLIST_KEY_UISupportedInterfaceOrientations_iPhone = "UIInterfaceOrientationPortrait UIInterfaceOrientationLandscapeLeft UIInterfaceOrientationLandscapeRight";
				LD_RUNPATH_SEARCH_PATHS = (
					"$(inherited)",
					"@executable_path/Frameworks",
				);
				MARKETING_VERSION = 1.0;
				PRODUCT_BUNDLE_IDENTIFIER = in.selvarajan.Neram;
				PRODUCT_NAME = "$(TARGET_NAME)";
				SWIFT_EMIT_LOC_STRINGS = YES;
				SWIFT_VERSION = 5.0;
				TARGETED_DEVICE_FAMILY = "1,2";
			};
			name = Debug;
		};
		70849F1C276A61520092F58F /* Release */ = {
			isa = XCBuildConfiguration;
			buildSettings = {
				ASSETCATALOG_COMPILER_APPICON_NAME = AppIcon;
				ASSETCATALOG_COMPILER_GLOBAL_ACCENT_COLOR_NAME = AccentColor;
				CODE_SIGN_STYLE = Automatic;
				CURRENT_PROJECT_VERSION = 1;
				DEVELOPMENT_ASSET_PATHS = "\"Neram/Preview Content\"";
				DEVELOPMENT_TEAM = G6KL98HCPY;
				ENABLE_PREVIEWS = YES;
				GENERATE_INFOPLIST_FILE = YES;
				INFOPLIST_KEY_UIApplicationSceneManifest_Generation = YES;
				INFOPLIST_KEY_UIApplicationSupportsIndirectInputEvents = YES;
				INFOPLIST_KEY_UILaunchScreen_Generation = YES;
				INFOPLIST_KEY_UISupportedInterfaceOrientations_iPad = "UIInterfaceOrientationPortrait UIInterfaceOrientationPortraitUpsideDown UIInterfaceOrientationLandscapeLeft UIInterfaceOrientationLandscapeRight";
				INFOPLIST_KEY_UISupportedInterfaceOrientations_iPhone = "UIInterfaceOrientationPortrait UIInterfaceOrientationLandscapeLeft UIInterfaceOrientationLandscapeRight";
				LD_RUNPATH_SEARCH_PATHS = (
					"$(inherited)",
					"@executable_path/Frameworks",
				);
				MARKETING_VERSION = 1.0;
				PRODUCT_BUNDLE_IDENTIFIER = in.selvarajan.Neram;
				PRODUCT_NAME = "$(TARGET_NAME)";
				SWIFT_EMIT_LOC_STRINGS = YES;
				SWIFT_VERSION = 5.0;
				TARGETED_DEVICE_FAMILY = "1,2";
			};
			name = Release;
		};
/* End XCBuildConfiguration section */

/* Begin XCConfigurationList section */
		70849F07276A614D0092F58F /* Build configuration list for PBXProject "Neram" */ = {
			isa = XCConfigurationList;
			buildConfigurations = (
				70849F18276A61520092F58F /* Debug */,
				70849F19276A61520092F58F /* Release */,
			);
			defaultConfigurationIsVisible = 0;
			defaultConfigurationName = Release;
		};
		70849F1A276A61520092F58F /* Build configuration list for PBXNativeTarget "Neram" */ = {
			isa = XCConfigurationList;
			buildConfigurations = (
				70849F1B276A61520092F58F /* Debug */,
				70849F1C276A61520092F58F /* Release */,
			);
			defaultConfigurationIsVisible = 0;
			defaultConfigurationName = Release;
		};
/* End XCConfigurationList section */

/* Begin XCVersionGroup section */
		70A3AC25276A61FD00E78086 /* NeramModel.xcdatamodeld */ = {
			isa = XCVersionGroup;
			children = (
				70A3AC26276A61FD00E78086 /* NeramModel.xcdatamodel */,
			);
			currentVersion = 70A3AC26276A61FD00E78086 /* NeramModel.xcdatamodel */;
			path = NeramModel.xcdatamodeld;
			sourceTree = "<group>";
			versionGroupType = wrapper.xcdatamodel;
		};
/* End XCVersionGroup section */
	};
	rootObject = 70849F04276A614D0092F58F /* Project object */;
}
